
Microsoft Visual Studio Solution File, Format Version 12.00
# Visual Studio Version 16
VisualStudioVersion = 16.0.29709.97
MinimumVisualStudioVersion = 10.0.40219.1
Project("{FAE04EC0-301F-11D3-BF4B-00C04F79EFBC}") = "ConsoleApp2", "ConsoleApp2\ConsoleApp2.csproj", "{04E63036-DE51-4C7C-A3B8-DBC5AA05FA95}"
EndProject
Global
	GlobalSection(SolutionConfigurationPlatforms) = preSolution
		Debug|Any CPU = Debug|Any CPU
		Release|Any CPU = Release|Any CPU
	EndGlobalSection
	GlobalSection(ProjectConfigurationPlatforms) = postSolution
		{04E63036-DE51-4C7C-A3B8-DBC5AA05FA95}.Debug|Any CPU.ActiveCfg = Debug|Any CPU
		{04E63036-DE51-4C7C-A3B8-DBC5AA05FA95}.Debug|Any CPU.Build.0 = Debug|Any CPU
		{04E63036-DE51-4C7C-A3B8-DBC5AA05FA95}.Release|Any CPU.ActiveCfg = Release|Any CPU
		{04E63036-DE51-4C7C-A3B8-DBC5AA05FA95}.Release|Any CPU.Build.0 = Release|Any CPU
	EndGlobalSection
	GlobalSection(SolutionProperties) = preSolution
		HideSolutionNode = FALSE
	EndGlobalSection
	GlobalSection(ExtensibilityGlobals) = postSolution
		SolutionGuid = {E63CB70C-AC80-4361-9F2A-E302414983F6}
	EndGlobalSection
EndGlobal
