
Microsoft Visual Studio Solution File, Format Version 12.00
# Visual Studio Version 16
VisualStudioVersion = 16.0.29709.97
MinimumVisualStudioVersion = 10.0.40219.1
Project("{FAE04EC0-301F-11D3-BF4B-00C04F79EFBC}") = "WebApplication1", "WebApplication1\WebApplication1.csproj", "{ED3647D6-83D5-45E2-A6D5-69E4891C8C23}"
EndProject
Global
	GlobalSection(SolutionConfigurationPlatforms) = preSolution
		Debug|Any CPU = Debug|Any CPU
		Release|Any CPU = Release|Any CPU
	EndGlobalSection
	GlobalSection(ProjectConfigurationPlatforms) = postSolution
		{ED3647D6-83D5-45E2-A6D5-69E4891C8C23}.Debug|Any CPU.ActiveCfg = Debug|Any CPU
		{ED3647D6-83D5-45E2-A6D5-69E4891C8C23}.Debug|Any CPU.Build.0 = Debug|Any CPU
		{ED3647D6-83D5-45E2-A6D5-69E4891C8C23}.Release|Any CPU.ActiveCfg = Release|Any CPU
		{ED3647D6-83D5-45E2-A6D5-69E4891C8C23}.Release|Any CPU.Build.0 = Release|Any CPU
	EndGlobalSection
	GlobalSection(SolutionProperties) = preSolution
		HideSolutionNode = FALSE
	EndGlobalSection
	GlobalSection(ExtensibilityGlobals) = postSolution
		SolutionGuid = {5AA43ADB-27AB-4262-B13C-9A6590BEAD10}
	EndGlobalSection
EndGlobal
