
Microsoft Visual Studio Solution File, Format Version 12.00
# Visual Studio Version 16
VisualStudioVersion = 16.0.29709.97
MinimumVisualStudioVersion = 10.0.40219.1
Project("{FAE04EC0-301F-11D3-BF4B-00C04F79EFBC}") = "random1", "random1\random1.csproj", "{217ACE5E-8989-4A54-B8E5-78C6A5657960}"
EndProject
Global
	GlobalSection(SolutionConfigurationPlatforms) = preSolution
		Debug|Any CPU = Debug|Any CPU
		Release|Any CPU = Release|Any CPU
	EndGlobalSection
	GlobalSection(ProjectConfigurationPlatforms) = postSolution
		{217ACE5E-8989-4A54-B8E5-78C6A5657960}.Debug|Any CPU.ActiveCfg = Debug|Any CPU
		{217ACE5E-8989-4A54-B8E5-78C6A5657960}.Debug|Any CPU.Build.0 = Debug|Any CPU
		{217ACE5E-8989-4A54-B8E5-78C6A5657960}.Release|Any CPU.ActiveCfg = Release|Any CPU
		{217ACE5E-8989-4A54-B8E5-78C6A5657960}.Release|Any CPU.Build.0 = Release|Any CPU
	EndGlobalSection
	GlobalSection(SolutionProperties) = preSolution
		HideSolutionNode = FALSE
	EndGlobalSection
	GlobalSection(ExtensibilityGlobals) = postSolution
		SolutionGuid = {A304708C-26E6-48C6-B35D-6DC9417819AF}
	EndGlobalSection
EndGlobal
